
Microsoft Visual Studio Solution File, Format Version 12.00
# Visual Studio 15
VisualStudioVersion = 15.0.27703.2026
MinimumVisualStudioVersion = 10.0.40219.1
Project("{FAE04EC0-301F-11D3-BF4B-00C04F79EFBC}") = "SMSR.Context", "SMSR.Context\SMSR.Context.csproj", "{0E67B186-F9D6-4383-AB42-6D18401365F6}"
EndProject
Project("{00D1A9C2-B5F0-4AF3-8072-F6C62B433612}") = "SMSR.Database", "SMSR.Database\SMSR.Database.sqlproj", "{95C8187C-C834-49B2-9ACC-B049748737DE}"
EndProject
Project("{FAE04EC0-301F-11D3-BF4B-00C04F79EFBC}") = "SMSR.Entities", "SMSR.Entities\SMSR.Entities.csproj", "{E54B7919-7167-4758-947E-2B6F6AD4E457}"
EndProject
Project("{FAE04EC0-301F-11D3-BF4B-00C04F79EFBC}") = "SMSR.Web", "SMSR.Web\SMSR.Web.csproj", "{FFE86466-A908-4914-8F1A-4EF8F0CC8CBF}"
EndProject
Project("{2150E333-8FDC-42A3-9474-1A3956D46DE8}") = "Solution Items", "Solution Items", "{ECC84AC8-AFA0-4C2A-845E-3A634D2FB3C5}"
	ProjectSection(SolutionItems) = preProject
		README.md = README.md
	EndProjectSection
EndProject
Global
	GlobalSection(SolutionConfigurationPlatforms) = preSolution
		Debug|Any CPU = Debug|Any CPU
		Release|Any CPU = Release|Any CPU
	EndGlobalSection
	GlobalSection(ProjectConfigurationPlatforms) = postSolution
		{0E67B186-F9D6-4383-AB42-6D18401365F6}.Debug|Any CPU.ActiveCfg = Debug|Any CPU
		{0E67B186-F9D6-4383-AB42-6D18401365F6}.Debug|Any CPU.Build.0 = Debug|Any CPU
		{0E67B186-F9D6-4383-AB42-6D18401365F6}.Release|Any CPU.ActiveCfg = Release|Any CPU
		{0E67B186-F9D6-4383-AB42-6D18401365F6}.Release|Any CPU.Build.0 = Release|Any CPU
		{95C8187C-C834-49B2-9ACC-B049748737DE}.Debug|Any CPU.ActiveCfg = Debug|Any CPU
		{95C8187C-C834-49B2-9ACC-B049748737DE}.Debug|Any CPU.Build.0 = Debug|Any CPU
		{95C8187C-C834-49B2-9ACC-B049748737DE}.Debug|Any CPU.Deploy.0 = Debug|Any CPU
		{95C8187C-C834-49B2-9ACC-B049748737DE}.Release|Any CPU.ActiveCfg = Release|Any CPU
		{95C8187C-C834-49B2-9ACC-B049748737DE}.Release|Any CPU.Build.0 = Release|Any CPU
		{95C8187C-C834-49B2-9ACC-B049748737DE}.Release|Any CPU.Deploy.0 = Release|Any CPU
		{E54B7919-7167-4758-947E-2B6F6AD4E457}.Debug|Any CPU.ActiveCfg = Debug|Any CPU
		{E54B7919-7167-4758-947E-2B6F6AD4E457}.Debug|Any CPU.Build.0 = Debug|Any CPU
		{E54B7919-7167-4758-947E-2B6F6AD4E457}.Release|Any CPU.ActiveCfg = Release|Any CPU
		{E54B7919-7167-4758-947E-2B6F6AD4E457}.Release|Any CPU.Build.0 = Release|Any CPU
		{FFE86466-A908-4914-8F1A-4EF8F0CC8CBF}.Debug|Any CPU.ActiveCfg = Debug|Any CPU
		{FFE86466-A908-4914-8F1A-4EF8F0CC8CBF}.Debug|Any CPU.Build.0 = Debug|Any CPU
		{FFE86466-A908-4914-8F1A-4EF8F0CC8CBF}.Release|Any CPU.ActiveCfg = Release|Any CPU
		{FFE86466-A908-4914-8F1A-4EF8F0CC8CBF}.Release|Any CPU.Build.0 = Release|Any CPU
	EndGlobalSection
	GlobalSection(SolutionProperties) = preSolution
		HideSolutionNode = FALSE
	EndGlobalSection
	GlobalSection(ExtensibilityGlobals) = postSolution
		SolutionGuid = {B1CD6861-619D-42B7-A4E5-3179DDFC9153}
	EndGlobalSection
EndGlobal
